
Microsoft Visual Studio Solution File, Format Version 12.00
# Visual Studio Version 17
VisualStudioVersion = 17.11.35222.181
MinimumVisualStudioVersion = 10.0.40219.1
Project("{FAE04EC0-301F-11D3-BF4B-00C04F79EFBC}") = "UploadFileToCloudinary", "UploadFileToCloudinary\UploadFileToCloudinary.csproj", "{CED45F9F-FE4C-4C73-BE52-89D3043C1203}"
EndProject
Global
	GlobalSection(SolutionConfigurationPlatforms) = preSolution
		Debug|Any CPU = Debug|Any CPU
		Release|Any CPU = Release|Any CPU
	EndGlobalSection
	GlobalSection(ProjectConfigurationPlatforms) = postSolution
		{CED45F9F-FE4C-4C73-BE52-89D3043C1203}.Debug|Any CPU.ActiveCfg = Debug|Any CPU
		{CED45F9F-FE4C-4C73-BE52-89D3043C1203}.Debug|Any CPU.Build.0 = Debug|Any CPU
		{CED45F9F-FE4C-4C73-BE52-89D3043C1203}.Release|Any CPU.ActiveCfg = Release|Any CPU
		{CED45F9F-FE4C-4C73-BE52-89D3043C1203}.Release|Any CPU.Build.0 = Release|Any CPU
	EndGlobalSection
	GlobalSection(SolutionProperties) = preSolution
		HideSolutionNode = FALSE
	EndGlobalSection
	GlobalSection(ExtensibilityGlobals) = postSolution
		SolutionGuid = {B95B53F1-CA68-4D3B-ADBB-A6C5C981BB12}
	EndGlobalSection
EndGlobal
